
Microsoft Visual Studio Solution File, Format Version 12.00
# Visual Studio for Mac
Project("{FAE04EC0-301F-11D3-BF4B-00C04F79EFBC}") = "Zenject", "Zenject.csproj", "{3D4F1E55-9B37-CE1A-5045-137ED0A1D4C9}"
EndProject
Project("{FAE04EC0-301F-11D3-BF4B-00C04F79EFBC}") = "UniRx", "UniRx.csproj", "{EB5BB4EA-F22B-E8E9-3D41-C3930B798F7C}"
EndProject
Project("{FAE04EC0-301F-11D3-BF4B-00C04F79EFBC}") = "Assembly-CSharp", "Assembly-CSharp.csproj", "{4CFFDA30-0E63-039E-0DCA-DAC117CE2649}"
EndProject
Project("{FAE04EC0-301F-11D3-BF4B-00C04F79EFBC}") = "UniRx.Async", "UniRx.Async.csproj", "{1F3CF80E-CB5F-5E8B-DD99-62F48067EFAC}"
EndProject
Project("{FAE04EC0-301F-11D3-BF4B-00C04F79EFBC}") = "Assembly-CSharp-Editor", "Assembly-CSharp-Editor.csproj", "{0F82C266-B129-FC86-404A-370C3030009B}"
EndProject
Project("{FAE04EC0-301F-11D3-BF4B-00C04F79EFBC}") = "Zenject-Editor", "Zenject-Editor.csproj", "{D5B8C223-FD60-94E4-8328-3D060E400720}"
EndProject
Project("{FAE04EC0-301F-11D3-BF4B-00C04F79EFBC}") = "UniRx.Async.Editor", "UniRx.Async.Editor.csproj", "{7DF778E3-EA0A-FE84-3082-CD9416AEA5A9}"
EndProject
Global
	GlobalSection(SolutionConfigurationPlatforms) = preSolution
		Debug|Any CPU = Debug|Any CPU
		Release|Any CPU = Release|Any CPU
	EndGlobalSection
	GlobalSection(ProjectConfigurationPlatforms) = postSolution
		{3D4F1E55-9B37-CE1A-5045-137ED0A1D4C9}.Debug|Any CPU.ActiveCfg = Debug|Any CPU
		{3D4F1E55-9B37-CE1A-5045-137ED0A1D4C9}.Debug|Any CPU.Build.0 = Debug|Any CPU
		{3D4F1E55-9B37-CE1A-5045-137ED0A1D4C9}.Release|Any CPU.ActiveCfg = Release|Any CPU
		{3D4F1E55-9B37-CE1A-5045-137ED0A1D4C9}.Release|Any CPU.Build.0 = Release|Any CPU
		{EB5BB4EA-F22B-E8E9-3D41-C3930B798F7C}.Debug|Any CPU.ActiveCfg = Debug|Any CPU
		{EB5BB4EA-F22B-E8E9-3D41-C3930B798F7C}.Debug|Any CPU.Build.0 = Debug|Any CPU
		{EB5BB4EA-F22B-E8E9-3D41-C3930B798F7C}.Release|Any CPU.ActiveCfg = Release|Any CPU
		{EB5BB4EA-F22B-E8E9-3D41-C3930B798F7C}.Release|Any CPU.Build.0 = Release|Any CPU
		{4CFFDA30-0E63-039E-0DCA-DAC117CE2649}.Debug|Any CPU.ActiveCfg = Debug|Any CPU
		{4CFFDA30-0E63-039E-0DCA-DAC117CE2649}.Debug|Any CPU.Build.0 = Debug|Any CPU
		{4CFFDA30-0E63-039E-0DCA-DAC117CE2649}.Release|Any CPU.ActiveCfg = Release|Any CPU
		{4CFFDA30-0E63-039E-0DCA-DAC117CE2649}.Release|Any CPU.Build.0 = Release|Any CPU
		{1F3CF80E-CB5F-5E8B-DD99-62F48067EFAC}.Debug|Any CPU.ActiveCfg = Debug|Any CPU
		{1F3CF80E-CB5F-5E8B-DD99-62F48067EFAC}.Debug|Any CPU.Build.0 = Debug|Any CPU
		{1F3CF80E-CB5F-5E8B-DD99-62F48067EFAC}.Release|Any CPU.ActiveCfg = Release|Any CPU
		{1F3CF80E-CB5F-5E8B-DD99-62F48067EFAC}.Release|Any CPU.Build.0 = Release|Any CPU
		{0F82C266-B129-FC86-404A-370C3030009B}.Debug|Any CPU.ActiveCfg = Debug|Any CPU
		{0F82C266-B129-FC86-404A-370C3030009B}.Debug|Any CPU.Build.0 = Debug|Any CPU
		{0F82C266-B129-FC86-404A-370C3030009B}.Release|Any CPU.ActiveCfg = Release|Any CPU
		{0F82C266-B129-FC86-404A-370C3030009B}.Release|Any CPU.Build.0 = Release|Any CPU
		{D5B8C223-FD60-94E4-8328-3D060E400720}.Debug|Any CPU.ActiveCfg = Debug|Any CPU
		{D5B8C223-FD60-94E4-8328-3D060E400720}.Debug|Any CPU.Build.0 = Debug|Any CPU
		{D5B8C223-FD60-94E4-8328-3D060E400720}.Release|Any CPU.ActiveCfg = Release|Any CPU
		{D5B8C223-FD60-94E4-8328-3D060E400720}.Release|Any CPU.Build.0 = Release|Any CPU
		{7DF778E3-EA0A-FE84-3082-CD9416AEA5A9}.Debug|Any CPU.ActiveCfg = Debug|Any CPU
		{7DF778E3-EA0A-FE84-3082-CD9416AEA5A9}.Debug|Any CPU.Build.0 = Debug|Any CPU
		{7DF778E3-EA0A-FE84-3082-CD9416AEA5A9}.Release|Any CPU.ActiveCfg = Release|Any CPU
		{7DF778E3-EA0A-FE84-3082-CD9416AEA5A9}.Release|Any CPU.Build.0 = Release|Any CPU
	EndGlobalSection
	GlobalSection(SolutionProperties) = preSolution
		HideSolutionNode = FALSE
	EndGlobalSection
EndGlobal
